
Microsoft Visual Studio Solution File, Format Version 12.00
# Visual Studio 14
VisualStudioVersion = 14.0.24720.0
MinimumVisualStudioVersion = 10.0.40219.1
Project("{FAE04EC0-301F-11D3-BF4B-00C04F79EFBC}") = "Diabetes1", "Diabetes1\Diabetes1.csproj", "{837F4953-00B5-46FB-A1B6-AA7219C77379}"
EndProject
Project("{FAE04EC0-301F-11D3-BF4B-00C04F79EFBC}") = "UnitTestDiabetes1", "UnitTestDiabetes1\UnitTestDiabetes1.csproj", "{CC43821F-01A3-446E-AAC7-E783F8F200A8}"
EndProject
Global
	GlobalSection(SolutionConfigurationPlatforms) = preSolution
		Debug|Any CPU = Debug|Any CPU
		Release|Any CPU = Release|Any CPU
	EndGlobalSection
	GlobalSection(ProjectConfigurationPlatforms) = postSolution
		{837F4953-00B5-46FB-A1B6-AA7219C77379}.Debug|Any CPU.ActiveCfg = Debug|Any CPU
		{837F4953-00B5-46FB-A1B6-AA7219C77379}.Debug|Any CPU.Build.0 = Debug|Any CPU
		{837F4953-00B5-46FB-A1B6-AA7219C77379}.Release|Any CPU.ActiveCfg = Release|Any CPU
		{837F4953-00B5-46FB-A1B6-AA7219C77379}.Release|Any CPU.Build.0 = Release|Any CPU
		{CC43821F-01A3-446E-AAC7-E783F8F200A8}.Debug|Any CPU.ActiveCfg = Debug|Any CPU
		{CC43821F-01A3-446E-AAC7-E783F8F200A8}.Debug|Any CPU.Build.0 = Debug|Any CPU
		{CC43821F-01A3-446E-AAC7-E783F8F200A8}.Release|Any CPU.ActiveCfg = Release|Any CPU
		{CC43821F-01A3-446E-AAC7-E783F8F200A8}.Release|Any CPU.Build.0 = Release|Any CPU
	EndGlobalSection
	GlobalSection(SolutionProperties) = preSolution
		HideSolutionNode = FALSE
	EndGlobalSection
EndGlobal
